
Microsoft Visual Studio Solution File, Format Version 12.00
# Visual Studio Version 16
VisualStudioVersion = 16.0.30804.86
MinimumVisualStudioVersion = 10.0.40219.1
Project("{FAE04EC0-301F-11D3-BF4B-00C04F79EFBC}") = "T19_Ex3", "T19_Ex3\T19_Ex3.csproj", "{1826A435-3249-4C28-8721-BFFD138E5A44}"
EndProject
Global
	GlobalSection(SolutionConfigurationPlatforms) = preSolution
		Debug|Any CPU = Debug|Any CPU
		Release|Any CPU = Release|Any CPU
	EndGlobalSection
	GlobalSection(ProjectConfigurationPlatforms) = postSolution
		{1826A435-3249-4C28-8721-BFFD138E5A44}.Debug|Any CPU.ActiveCfg = Debug|Any CPU
		{1826A435-3249-4C28-8721-BFFD138E5A44}.Debug|Any CPU.Build.0 = Debug|Any CPU
		{1826A435-3249-4C28-8721-BFFD138E5A44}.Release|Any CPU.ActiveCfg = Release|Any CPU
		{1826A435-3249-4C28-8721-BFFD138E5A44}.Release|Any CPU.Build.0 = Release|Any CPU
	EndGlobalSection
	GlobalSection(SolutionProperties) = preSolution
		HideSolutionNode = FALSE
	EndGlobalSection
	GlobalSection(ExtensibilityGlobals) = postSolution
		SolutionGuid = {0B041468-1F54-4683-96D8-EF0445199DD4}
	EndGlobalSection
EndGlobal
